
Microsoft Visual Studio Solution File, Format Version 12.00
# Visual Studio Version 17
VisualStudioVersion = 17.11.35312.102
MinimumVisualStudioVersion = 10.0.40219.1
Project("{9A19103F-16F7-4668-BE54-9A1E7A4F7556}") = "Vendas.Domain", "Vendas.Domain\Vendas.Domain.csproj", "{E14818E1-1665-4E70-9864-31FF8979124B}"
EndProject
Project("{9A19103F-16F7-4668-BE54-9A1E7A4F7556}") = "Vendas.Data", "Vendas.Data\Vendas.Data.csproj", "{3C46F556-77E1-42DF-8656-85C275AE8F0C}"
EndProject
Project("{9A19103F-16F7-4668-BE54-9A1E7A4F7556}") = "Vendas.API", "Vendas.API\Vendas.API.csproj", "{C83313B3-EECC-48BE-B726-4F2B72932C94}"
EndProject
Project("{9A19103F-16F7-4668-BE54-9A1E7A4F7556}") = "Vendas.Application", "Vendas.Application\Vendas.Application.csproj", "{77B25A31-5512-48A7-BE4A-980B7AA36B25}"
EndProject
Project("{9A19103F-16F7-4668-BE54-9A1E7A4F7556}") = "Vendas.Tests", "Vendas.Tests\Vendas.Tests.csproj", "{CF49F4B5-ED34-4CA1-B075-495CAF4B67DB}"
EndProject
Global
	GlobalSection(SolutionConfigurationPlatforms) = preSolution
		Debug|Any CPU = Debug|Any CPU
		Release|Any CPU = Release|Any CPU
	EndGlobalSection
	GlobalSection(ProjectConfigurationPlatforms) = postSolution
		{E14818E1-1665-4E70-9864-31FF8979124B}.Debug|Any CPU.ActiveCfg = Debug|Any CPU
		{E14818E1-1665-4E70-9864-31FF8979124B}.Debug|Any CPU.Build.0 = Debug|Any CPU
		{E14818E1-1665-4E70-9864-31FF8979124B}.Release|Any CPU.ActiveCfg = Release|Any CPU
		{E14818E1-1665-4E70-9864-31FF8979124B}.Release|Any CPU.Build.0 = Release|Any CPU
		{3C46F556-77E1-42DF-8656-85C275AE8F0C}.Debug|Any CPU.ActiveCfg = Debug|Any CPU
		{3C46F556-77E1-42DF-8656-85C275AE8F0C}.Debug|Any CPU.Build.0 = Debug|Any CPU
		{3C46F556-77E1-42DF-8656-85C275AE8F0C}.Release|Any CPU.ActiveCfg = Release|Any CPU
		{3C46F556-77E1-42DF-8656-85C275AE8F0C}.Release|Any CPU.Build.0 = Release|Any CPU
		{C83313B3-EECC-48BE-B726-4F2B72932C94}.Debug|Any CPU.ActiveCfg = Debug|Any CPU
		{C83313B3-EECC-48BE-B726-4F2B72932C94}.Debug|Any CPU.Build.0 = Debug|Any CPU
		{C83313B3-EECC-48BE-B726-4F2B72932C94}.Release|Any CPU.ActiveCfg = Release|Any CPU
		{C83313B3-EECC-48BE-B726-4F2B72932C94}.Release|Any CPU.Build.0 = Release|Any CPU
		{77B25A31-5512-48A7-BE4A-980B7AA36B25}.Debug|Any CPU.ActiveCfg = Debug|Any CPU
		{77B25A31-5512-48A7-BE4A-980B7AA36B25}.Debug|Any CPU.Build.0 = Debug|Any CPU
		{77B25A31-5512-48A7-BE4A-980B7AA36B25}.Release|Any CPU.ActiveCfg = Release|Any CPU
		{77B25A31-5512-48A7-BE4A-980B7AA36B25}.Release|Any CPU.Build.0 = Release|Any CPU
		{CF49F4B5-ED34-4CA1-B075-495CAF4B67DB}.Debug|Any CPU.ActiveCfg = Debug|Any CPU
		{CF49F4B5-ED34-4CA1-B075-495CAF4B67DB}.Debug|Any CPU.Build.0 = Debug|Any CPU
		{CF49F4B5-ED34-4CA1-B075-495CAF4B67DB}.Release|Any CPU.ActiveCfg = Release|Any CPU
		{CF49F4B5-ED34-4CA1-B075-495CAF4B67DB}.Release|Any CPU.Build.0 = Release|Any CPU
	EndGlobalSection
	GlobalSection(SolutionProperties) = preSolution
		HideSolutionNode = FALSE
	EndGlobalSection
	GlobalSection(ExtensibilityGlobals) = postSolution
		SolutionGuid = {B611C4CB-1330-4EE1-AD72-93BFE77AE6ED}
	EndGlobalSection
EndGlobal
